
Microsoft Visual Studio Solution File, Format Version 12.00
# Visual Studio 2013
VisualStudioVersion = 12.0.0.0
MinimumVisualStudioVersion = 10.0.0.1
Project("{FAE04EC0-301F-11D3-BF4B-00C04F79EFBC}") = "Collections", "Collections\Collections.csproj", "{C90E7290-FE33-4ED3-9030-2D72F27A97FC}"
EndProject
Project("{FAE04EC0-301F-11D3-BF4B-00C04F79EFBC}") = "CollectionsTest", "CollectionsTest\CollectionsTest.csproj", "{4318F88A-5A96-4705-925E-B06236975616}"
EndProject
Project("{FAE04EC0-301F-11D3-BF4B-00C04F79EFBC}") = "CollectionExamples", "CollectionExamples\CollectionExamples.csproj", "{FFFEEB48-4757-451E-9A58-FA2BD42AC65E}"
EndProject
Global
	GlobalSection(SolutionConfigurationPlatforms) = preSolution
		Debug|Any CPU = Debug|Any CPU
		Release|Any CPU = Release|Any CPU
	EndGlobalSection
	GlobalSection(ProjectConfigurationPlatforms) = postSolution
		{C90E7290-FE33-4ED3-9030-2D72F27A97FC}.Debug|Any CPU.ActiveCfg = Debug|Any CPU
		{C90E7290-FE33-4ED3-9030-2D72F27A97FC}.Debug|Any CPU.Build.0 = Debug|Any CPU
		{C90E7290-FE33-4ED3-9030-2D72F27A97FC}.Release|Any CPU.ActiveCfg = Release|Any CPU
		{C90E7290-FE33-4ED3-9030-2D72F27A97FC}.Release|Any CPU.Build.0 = Release|Any CPU
		{4318F88A-5A96-4705-925E-B06236975616}.Debug|Any CPU.ActiveCfg = Debug|Any CPU
		{4318F88A-5A96-4705-925E-B06236975616}.Debug|Any CPU.Build.0 = Debug|Any CPU
		{4318F88A-5A96-4705-925E-B06236975616}.Release|Any CPU.ActiveCfg = Release|Any CPU
		{4318F88A-5A96-4705-925E-B06236975616}.Release|Any CPU.Build.0 = Release|Any CPU
		{FFFEEB48-4757-451E-9A58-FA2BD42AC65E}.Debug|Any CPU.ActiveCfg = Debug|Any CPU
		{FFFEEB48-4757-451E-9A58-FA2BD42AC65E}.Debug|Any CPU.Build.0 = Debug|Any CPU
		{FFFEEB48-4757-451E-9A58-FA2BD42AC65E}.Release|Any CPU.ActiveCfg = Release|Any CPU
		{FFFEEB48-4757-451E-9A58-FA2BD42AC65E}.Release|Any CPU.Build.0 = Release|Any CPU
	EndGlobalSection
	GlobalSection(SolutionProperties) = preSolution
		HideSolutionNode = FALSE
	EndGlobalSection
EndGlobal
